
Microsoft Visual Studio Solution File, Format Version 12.00
# Visual Studio Version 16
VisualStudioVersion = 16.0.29418.71
MinimumVisualStudioVersion = 10.0.40219.1
Project("{FAE04EC0-301F-11D3-BF4B-00C04F79EFBC}") = "ConsoleApp10", "ConsoleApp10\ConsoleApp10.csproj", "{D30D0615-AFC1-4C94-8475-3B9CAD5D09EA}"
EndProject
Global
	GlobalSection(SolutionConfigurationPlatforms) = preSolution
		Debug|Any CPU = Debug|Any CPU
		Release|Any CPU = Release|Any CPU
	EndGlobalSection
	GlobalSection(ProjectConfigurationPlatforms) = postSolution
		{D30D0615-AFC1-4C94-8475-3B9CAD5D09EA}.Debug|Any CPU.ActiveCfg = Debug|Any CPU
		{D30D0615-AFC1-4C94-8475-3B9CAD5D09EA}.Debug|Any CPU.Build.0 = Debug|Any CPU
		{D30D0615-AFC1-4C94-8475-3B9CAD5D09EA}.Release|Any CPU.ActiveCfg = Release|Any CPU
		{D30D0615-AFC1-4C94-8475-3B9CAD5D09EA}.Release|Any CPU.Build.0 = Release|Any CPU
	EndGlobalSection
	GlobalSection(SolutionProperties) = preSolution
		HideSolutionNode = FALSE
	EndGlobalSection
	GlobalSection(ExtensibilityGlobals) = postSolution
		SolutionGuid = {163F682A-C425-498F-B5DF-06287463436F}
	EndGlobalSection
EndGlobal
